
Microsoft Visual Studio Solution File, Format Version 12.00
# Visual Studio Version 16
VisualStudioVersion = 16.0.28922.388
MinimumVisualStudioVersion = 10.0.40219.1
Project("{9A19103F-16F7-4668-BE54-9A1E7A4F7556}") = "Miris.CSharpExtensions", "Miris.CSharpExtensions\Miris.CSharpExtensions.csproj", "{AE1E254B-353A-43C9-9907-1445F112D0FE}"
EndProject
Global
	GlobalSection(SolutionConfigurationPlatforms) = preSolution
		Debug|Any CPU = Debug|Any CPU
		Release|Any CPU = Release|Any CPU
	EndGlobalSection
	GlobalSection(ProjectConfigurationPlatforms) = postSolution
		{AE1E254B-353A-43C9-9907-1445F112D0FE}.Debug|Any CPU.ActiveCfg = Debug|Any CPU
		{AE1E254B-353A-43C9-9907-1445F112D0FE}.Debug|Any CPU.Build.0 = Debug|Any CPU
		{AE1E254B-353A-43C9-9907-1445F112D0FE}.Release|Any CPU.ActiveCfg = Release|Any CPU
		{AE1E254B-353A-43C9-9907-1445F112D0FE}.Release|Any CPU.Build.0 = Release|Any CPU
	EndGlobalSection
	GlobalSection(SolutionProperties) = preSolution
		HideSolutionNode = FALSE
	EndGlobalSection
	GlobalSection(ExtensibilityGlobals) = postSolution
		SolutionGuid = {C63FEF59-CB63-47CD-B286-9A85B5215E0C}
	EndGlobalSection
EndGlobal
